
Microsoft Visual Studio Solution File, Format Version 12.00
# Visual Studio Version 16
VisualStudioVersion = 16.0.30804.86
MinimumVisualStudioVersion = 10.0.40219.1
Project("{FAE04EC0-301F-11D3-BF4B-00C04F79EFBC}") = "HW1", "HW1\HW1.csproj", "{0B34CB82-AB8E-4B88-B815-269BC0532C64}"
EndProject
Global
	GlobalSection(SolutionConfigurationPlatforms) = preSolution
		Debug|Any CPU = Debug|Any CPU
		Release|Any CPU = Release|Any CPU
	EndGlobalSection
	GlobalSection(ProjectConfigurationPlatforms) = postSolution
		{0B34CB82-AB8E-4B88-B815-269BC0532C64}.Debug|Any CPU.ActiveCfg = Debug|Any CPU
		{0B34CB82-AB8E-4B88-B815-269BC0532C64}.Debug|Any CPU.Build.0 = Debug|Any CPU
		{0B34CB82-AB8E-4B88-B815-269BC0532C64}.Release|Any CPU.ActiveCfg = Release|Any CPU
		{0B34CB82-AB8E-4B88-B815-269BC0532C64}.Release|Any CPU.Build.0 = Release|Any CPU
	EndGlobalSection
	GlobalSection(SolutionProperties) = preSolution
		HideSolutionNode = FALSE
	EndGlobalSection
	GlobalSection(ExtensibilityGlobals) = postSolution
		SolutionGuid = {53D21801-C40E-448E-93C0-3A41CC89B8F1}
	EndGlobalSection
EndGlobal
